
Microsoft Visual Studio Solution File, Format Version 12.00
# Visual Studio Version 16
VisualStudioVersion = 16.0.31515.178
MinimumVisualStudioVersion = 10.0.40219.1
Project("{FAE04EC0-301F-11D3-BF4B-00C04F79EFBC}") = "FIT5032_MyModelFirst", "FIT5032_MyModelFirst\FIT5032_MyModelFirst.csproj", "{707AB311-C0BF-4918-A947-0CCBE9633AB0}"
EndProject
Global
	GlobalSection(SolutionConfigurationPlatforms) = preSolution
		Debug|Any CPU = Debug|Any CPU
		Release|Any CPU = Release|Any CPU
	EndGlobalSection
	GlobalSection(ProjectConfigurationPlatforms) = postSolution
		{707AB311-C0BF-4918-A947-0CCBE9633AB0}.Debug|Any CPU.ActiveCfg = Debug|Any CPU
		{707AB311-C0BF-4918-A947-0CCBE9633AB0}.Debug|Any CPU.Build.0 = Debug|Any CPU
		{707AB311-C0BF-4918-A947-0CCBE9633AB0}.Release|Any CPU.ActiveCfg = Release|Any CPU
		{707AB311-C0BF-4918-A947-0CCBE9633AB0}.Release|Any CPU.Build.0 = Release|Any CPU
	EndGlobalSection
	GlobalSection(SolutionProperties) = preSolution
		HideSolutionNode = FALSE
	EndGlobalSection
	GlobalSection(ExtensibilityGlobals) = postSolution
		SolutionGuid = {C41B9580-5946-4F91-A62E-334C825D806D}
	EndGlobalSection
EndGlobal
